
Microsoft Visual Studio Solution File, Format Version 12.00
# Visual Studio Version 16
VisualStudioVersion = 16.0.31321.278
MinimumVisualStudioVersion = 10.0.40219.1
Project("{9A19103F-16F7-4668-BE54-9A1E7A4F7556}") = "TechCraft", "TechCraft.csproj", "{C09E1C3F-D046-4093-B4EF-3166A5ACCB5C}"
EndProject
Project("{FAE04EC0-301F-11D3-BF4B-00C04F79EFBC}") = "TechCraftView", "..\TechCraftView\TechCraftView.csproj", "{6A5C588D-C187-462E-9E06-6415DCFD039C}"
EndProject
Global
	GlobalSection(SolutionConfigurationPlatforms) = preSolution
		Debug|Any CPU = Debug|Any CPU
		Release|Any CPU = Release|Any CPU
	EndGlobalSection
	GlobalSection(ProjectConfigurationPlatforms) = postSolution
		{C09E1C3F-D046-4093-B4EF-3166A5ACCB5C}.Debug|Any CPU.ActiveCfg = Debug|Any CPU
		{C09E1C3F-D046-4093-B4EF-3166A5ACCB5C}.Debug|Any CPU.Build.0 = Debug|Any CPU
		{C09E1C3F-D046-4093-B4EF-3166A5ACCB5C}.Release|Any CPU.ActiveCfg = Release|Any CPU
		{C09E1C3F-D046-4093-B4EF-3166A5ACCB5C}.Release|Any CPU.Build.0 = Release|Any CPU
		{6A5C588D-C187-462E-9E06-6415DCFD039C}.Debug|Any CPU.ActiveCfg = Debug|Any CPU
		{6A5C588D-C187-462E-9E06-6415DCFD039C}.Debug|Any CPU.Build.0 = Debug|Any CPU
		{6A5C588D-C187-462E-9E06-6415DCFD039C}.Release|Any CPU.ActiveCfg = Release|Any CPU
		{6A5C588D-C187-462E-9E06-6415DCFD039C}.Release|Any CPU.Build.0 = Release|Any CPU
	EndGlobalSection
	GlobalSection(SolutionProperties) = preSolution
		HideSolutionNode = FALSE
	EndGlobalSection
	GlobalSection(ExtensibilityGlobals) = postSolution
		SolutionGuid = {74CA1CB4-F7C9-4DC0-9F5C-F219742847A1}
	EndGlobalSection
EndGlobal
